// !$*UTF8*$!
{
	archiveVersion = 1;
	classes = {
	};
	objectVersion = 55;
	objects = {

/* Begin PBXBuildFile section */
		FB8093F12744DF4E0093E2FE /* mm2.jpeg in Resources */ = {isa = PBXBuildFile; fileRef = FB8093F02744DF4E0093E2FE /* mm2.jpeg */; };
		FB92D6112743960200F5FB26 /* AppDelegate.swift in Sources */ = {isa = PBXBuildFile; fileRef = FB92D6102743960200F5FB26 /* AppDelegate.swift */; };
		FB92D6152743960200F5FB26 /* ViewController.swift in Sources */ = {isa = PBXBuildFile; fileRef = FB92D6142743960200F5FB26 /* ViewController.swift */; };
		FB92D6182743960200F5FB26 /* Main.storyboard in Resources */ = {isa = PBXBuildFile; fileRef = FB92D6162743960200F5FB26 /* Main.storyboard */; };
		FB92D61A2743960500F5FB26 /* Assets.xcassets in Resources */ = {isa = PBXBuildFile; fileRef = FB92D6192743960500F5FB26 /* Assets.xcassets */; };
		FB92D61D2743960500F5FB26 /* LaunchScreen.storyboard in Resources */ = {isa = PBXBuildFile; fileRef = FB92D61B2743960500F5FB26 /* LaunchScreen.storyboard */; };
		FB92D625274397E200F5FB26 /* SplashViewViewController.swift in Sources */ = {isa = PBXBuildFile; fileRef = FB92D624274397E200F5FB26 /* SplashViewViewController.swift */; };
		FB92D62727439A6400F5FB26 /* FileCache.swift in Sources */ = {isa = PBXBuildFile; fileRef = FB92D62627439A6400F5FB26 /* FileCache.swift */; };
		FB92D6292743A58E00F5FB26 /* ADHelper.swift in Sources */ = {isa = PBXBuildFile; fileRef = FB92D6282743A58E00F5FB26 /* ADHelper.swift */; };
		FB92D62B2743BE3900F5FB26 /* mm.jpeg in Resources */ = {isa = PBXBuildFile; fileRef = FB92D62A2743BE3900F5FB26 /* mm.jpeg */; };
/* End PBXBuildFile section */

/* Begin PBXFileReference section */
		FB8093F02744DF4E0093E2FE /* mm2.jpeg */ = {isa = PBXFileReference; lastKnownFileType = image.jpeg; path = mm2.jpeg; sourceTree = "<group>"; };
		FB92D60D2743960200F5FB26 /* 广告页启动.app */ = {isa = PBXFileReference; explicitFileType = wrapper.application; includeInIndex = 0; path = "广告页启动.app"; sourceTree = BUILT_PRODUCTS_DIR; };
		FB92D6102743960200F5FB26 /* AppDelegate.swift */ = {isa = PBXFileReference; lastKnownFileType = sourcecode.swift; path = AppDelegate.swift; sourceTree = "<group>"; };
		FB92D6142743960200F5FB26 /* ViewController.swift */ = {isa = PBXFileReference; lastKnownFileType = sourcecode.swift; path = ViewController.swift; sourceTree = "<group>"; };
		FB92D6172743960200F5FB26 /* Base */ = {isa = PBXFileReference; lastKnownFileType = file.storyboard; name = Base; path = Base.lproj/Main.storyboard; sourceTree = "<group>"; };
		FB92D6192743960500F5FB26 /* Assets.xcassets */ = {isa = PBXFileReference; lastKnownFileType = folder.assetcatalog; path = Assets.xcassets; sourceTree = "<group>"; };
		FB92D61C2743960500F5FB26 /* Base */ = {isa = PBXFileReference; lastKnownFileType = file.storyboard; name = Base; path = Base.lproj/LaunchScreen.storyboard; sourceTree = "<group>"; };
		FB92D61E2743960500F5FB26 /* Info.plist */ = {isa = PBXFileReference; lastKnownFileType = text.plist.xml; path = Info.plist; sourceTree = "<group>"; };
		FB92D624274397E200F5FB26 /* SplashViewViewController.swift */ = {isa = PBXFileReference; lastKnownFileType = sourcecode.swift; path = SplashViewViewController.swift; sourceTree = "<group>"; };
		FB92D62627439A6400F5FB26 /* FileCache.swift */ = {isa = PBXFileReference; lastKnownFileType = sourcecode.swift; path = FileCache.swift; sourceTree = "<group>"; };
		FB92D6282743A58E00F5FB26 /* ADHelper.swift */ = {isa = PBXFileReference; lastKnownFileType = sourcecode.swift; path = ADHelper.swift; sourceTree = "<group>"; };
		FB92D62A2743BE3900F5FB26 /* mm.jpeg */ = {isa = PBXFileReference; lastKnownFileType = image.jpeg; path = mm.jpeg; sourceTree = "<group>"; };
/* End PBXFileReference section */

/* Begin PBXFrameworksBuildPhase section */
		FB92D60A2743960200F5FB26 /* Frameworks */ = {
			isa = PBXFrameworksBuildPhase;
			buildActionMask = 2147483647;
			files = (
			);
			runOnlyForDeploymentPostprocessing = 0;
		};
/* End PBXFrameworksBuildPhase section */

/* Begin PBXGroup section */
		FB92D6042743960200F5FB26 = {
			isa = PBXGroup;
			children = (
				FB92D60F2743960200F5FB26 /* 广告页启动 */,
				FB92D60E2743960200F5FB26 /* Products */,
			);
			sourceTree = "<group>";
		};
		FB92D60E2743960200F5FB26 /* Products */ = {
			isa = PBXGroup;
			children = (
				FB92D60D2743960200F5FB26 /* 广告页启动.app */,
			);
			name = Products;
			sourceTree = "<group>";
		};
		FB92D60F2743960200F5FB26 /* 广告页启动 */ = {
			isa = PBXGroup;
			children = (
				FB92D62627439A6400F5FB26 /* FileCache.swift */,
				FB92D6282743A58E00F5FB26 /* ADHelper.swift */,
				FB92D624274397E200F5FB26 /* SplashViewViewController.swift */,
				FB92D6102743960200F5FB26 /* AppDelegate.swift */,
				FB92D6142743960200F5FB26 /* ViewController.swift */,
				FB92D6162743960200F5FB26 /* Main.storyboard */,
				FB92D62A2743BE3900F5FB26 /* mm.jpeg */,
				FB8093F02744DF4E0093E2FE /* mm2.jpeg */,
				FB92D6192743960500F5FB26 /* Assets.xcassets */,
				FB92D61B2743960500F5FB26 /* LaunchScreen.storyboard */,
				FB92D61E2743960500F5FB26 /* Info.plist */,
			);
			path = "广告页启动";
			sourceTree = "<group>";
		};
/* End PBXGroup section */

/* Begin PBXNativeTarget section */
		FB92D60C2743960200F5FB26 /* 广告页启动 */ = {
			isa = PBXNativeTarget;
			buildConfigurationList = FB92D6212743960500F5FB26 /* Build configuration list for PBXNativeTarget "广告页启动" */;
			buildPhases = (
				FB92D6092743960200F5FB26 /* Sources */,
				FB92D60A2743960200F5FB26 /* Frameworks */,
				FB92D60B2743960200F5FB26 /* Resources */,
			);
			buildRules = (
			);
			dependencies = (
			);
			name = "广告页启动";
			productName = "广告页启动";
			productReference = FB92D60D2743960200F5FB26 /* 广告页启动.app */;
			productType = "com.apple.product-type.application";
		};
/* End PBXNativeTarget section */

/* Begin PBXProject section */
		FB92D6052743960200F5FB26 /* Project object */ = {
			isa = PBXProject;
			attributes = {
				BuildIndependentTargetsInParallel = 1;
				LastSwiftUpdateCheck = 1300;
				LastUpgradeCheck = 1300;
				TargetAttributes = {
					FB92D60C2743960200F5FB26 = {
						CreatedOnToolsVersion = 13.0;
					};
				};
			};
			buildConfigurationList = FB92D6082743960200F5FB26 /* Build configuration list for PBXProject "广告页启动" */;
			compatibilityVersion = "Xcode 13.0";
			developmentRegion = en;
			hasScannedForEncodings = 0;
			knownRegions = (
				en,
				Base,
			);
			mainGroup = FB92D6042743960200F5FB26;
			productRefGroup = FB92D60E2743960200F5FB26 /* Products */;
			projectDirPath = "";
			projectRoot = "";
			targets = (
				FB92D60C2743960200F5FB26 /* 广告页启动 */,
			);
		};
/* End PBXProject section */

/* Begin PBXResourcesBuildPhase section */
		FB92D60B2743960200F5FB26 /* Resources */ = {
			isa = PBXResourcesBuildPhase;
			buildActionMask = 2147483647;
			files = (
				FB8093F12744DF4E0093E2FE /* mm2.jpeg in Resources */,
				FB92D61D2743960500F5FB26 /* LaunchScreen.storyboard in Resources */,
				FB92D62B2743BE3900F5FB26 /* mm.jpeg in Resources */,
				FB92D61A2743960500F5FB26 /* Assets.xcassets in Resources */,
				FB92D6182743960200F5FB26 /* Main.storyboard in Resources */,
			);
			runOnlyForDeploymentPostprocessing = 0;
		};
/* End PBXResourcesBuildPhase section */

/* Begin PBXSourcesBuildPhase section */
		FB92D6092743960200F5FB26 /* Sources */ = {
			isa = PBXSourcesBuildPhase;
			buildActionMask = 2147483647;
			files = (
				FB92D6292743A58E00F5FB26 /* ADHelper.swift in Sources */,
				FB92D6152743960200F5FB26 /* ViewController.swift in Sources */,
				FB92D6112743960200F5FB26 /* AppDelegate.swift in Sources */,
				FB92D625274397E200F5FB26 /* SplashViewViewController.swift in Sources */,
				FB92D62727439A6400F5FB26 /* FileCache.swift in Sources */,
			);
			runOnlyForDeploymentPostprocessing = 0;
		};
/* End PBXSourcesBuildPhase section */

/* Begin PBXVariantGroup section */
		FB92D6162743960200F5FB26 /* Main.storyboard */ = {
			isa = PBXVariantGroup;
			children = (
				FB92D6172743960200F5FB26 /* Base */,
			);
			name = Main.storyboard;
			sourceTree = "<group>";
		};
		FB92D61B2743960500F5FB26 /* LaunchScreen.storyboard */ = {
			isa = PBXVariantGroup;
			children = (
				FB92D61C2743960500F5FB26 /* Base */,
			);
			name = LaunchScreen.storyboard;
			sourceTree = "<group>";
		};
/* End PBXVariantGroup section */

/* Begin XCBuildConfiguration section */
		FB92D61F2743960500F5FB26 /* Debug */ = {
			isa = XCBuildConfiguration;
			buildSettings = {
				ALWAYS_SEARCH_USER_PATHS = NO;
				CLANG_ANALYZER_NONNULL = YES;
				CLANG_ANALYZER_NUMBER_OBJECT_CONVERSION = YES_AGGRESSIVE;
				CLANG_CXX_LANGUAGE_STANDARD = "gnu++17";
				CLANG_CXX_LIBRARY = "libc++";
				CLANG_ENABLE_MODULES = YES;
				CLANG_ENABLE_OBJC_ARC = YES;
				CLANG_ENABLE_OBJC_WEAK = YES;
				CLANG_WARN_BLOCK_CAPTURE_AUTORELEASING = YES;
				CLANG_WARN_BOOL_CONVERSION = YES;
				CLANG_WARN_COMMA = YES;
				CLANG_WARN_CONSTANT_CONVERSION = YES;
				CLANG_WARN_DEPRECATED_OBJC_IMPLEMENTATIONS = YES;
				CLANG_WARN_DIRECT_OBJC_ISA_USAGE = YES_ERROR;
				CLANG_WARN_DOCUMENTATION_COMMENTS = YES;
				CLANG_WARN_EMPTY_BODY = YES;
				CLANG_WARN_ENUM_CONVERSION = YES;
				CLANG_WARN_INFINITE_RECURSION = YES;
				CLANG_WARN_INT_CONVERSION = YES;
				CLANG_WARN_NON_LITERAL_NULL_CONVERSION = YES;
				CLANG_WARN_OBJC_IMPLICIT_RETAIN_SELF = YES;
				CLANG_WARN_OBJC_LITERAL_CONVERSION = YES;
				CLANG_WARN_OBJC_ROOT_CLASS = YES_ERROR;
				CLANG_WARN_QUOTED_INCLUDE_IN_FRAMEWORK_HEADER = YES;
				CLANG_WARN_RANGE_LOOP_ANALYSIS = YES;
				CLANG_WARN_STRICT_PROTOTYPES = YES;
				CLANG_WARN_SUSPICIOUS_MOVE = YES;
				CLANG_WARN_UNGUARDED_AVAILABILITY = YES_AGGRESSIVE;
				CLANG_WARN_UNREACHABLE_CODE = YES;
				CLANG_WARN__DUPLICATE_METHOD_MATCH = YES;
				COPY_PHASE_STRIP = NO;
				DEBUG_INFORMATION_FORMAT = dwarf;
				ENABLE_STRICT_OBJC_MSGSEND = YES;
				ENABLE_TESTABILITY = YES;
				GCC_C_LANGUAGE_STANDARD = gnu11;
				GCC_DYNAMIC_NO_PIC = NO;
				GCC_NO_COMMON_BLOCKS = YES;
				GCC_OPTIMIZATION_LEVEL = 0;
				GCC_PREPROCESSOR_DEFINITIONS = (
					"DEBUG=1",
					"$(inherited)",
				);
				GCC_WARN_64_TO_32_BIT_CONVERSION = YES;
				GCC_WARN_ABOUT_RETURN_TYPE = YES_ERROR;
				GCC_WARN_UNDECLARED_SELECTOR = YES;
				GCC_WARN_UNINITIALIZED_AUTOS = YES_AGGRESSIVE;
				GCC_WARN_UNUSED_FUNCTION = YES;
				GCC_WARN_UNUSED_VARIABLE = YES;
				IPHONEOS_DEPLOYMENT_TARGET = 15.0;
				MTL_ENABLE_DEBUG_INFO = INCLUDE_SOURCE;
				MTL_FAST_MATH = YES;
				ONLY_ACTIVE_ARCH = YES;
				SDKROOT = iphoneos;
				SWIFT_ACTIVE_COMPILATION_CONDITIONS = DEBUG;
				SWIFT_OPTIMIZATION_LEVEL = "-Onone";
			};
			name = Debug;
		};
		FB92D6202743960500F5FB26 /* Release */ = {
			isa = XCBuildConfiguration;
			buildSettings = {
				ALWAYS_SEARCH_USER_PATHS = NO;
				CLANG_ANALYZER_NONNULL = YES;
				CLANG_ANALYZER_NUMBER_OBJECT_CONVERSION = YES_AGGRESSIVE;
				CLANG_CXX_LANGUAGE_STANDARD = "gnu++17";
				CLANG_CXX_LIBRARY = "libc++";
				CLANG_ENABLE_MODULES = YES;
				CLANG_ENABLE_OBJC_ARC = YES;
				CLANG_ENABLE_OBJC_WEAK = YES;
				CLANG_WARN_BLOCK_CAPTURE_AUTORELEASING = YES;
				CLANG_WARN_BOOL_CONVERSION = YES;
				CLANG_WARN_COMMA = YES;
				CLANG_WARN_CONSTANT_CONVERSION = YES;
				CLANG_WARN_DEPRECATED_OBJC_IMPLEMENTATIONS = YES;
				CLANG_WARN_DIRECT_OBJC_ISA_USAGE = YES_ERROR;
				CLANG_WARN_DOCUMENTATION_COMMENTS = YES;
				CLANG_WARN_EMPTY_BODY = YES;
				CLANG_WARN_ENUM_CONVERSION = YES;
				CLANG_WARN_INFINITE_RECURSION = YES;
				CLANG_WARN_INT_CONVERSION = YES;
				CLANG_WARN_NON_LITERAL_NULL_CONVERSION = YES;
				CLANG_WARN_OBJC_IMPLICIT_RETAIN_SELF = YES;
				CLANG_WARN_OBJC_LITERAL_CONVERSION = YES;
				CLANG_WARN_OBJC_ROOT_CLASS = YES_ERROR;
				CLANG_WARN_QUOTED_INCLUDE_IN_FRAMEWORK_HEADER = YES;
				CLANG_WARN_RANGE_LOOP_ANALYSIS = YES;
				CLANG_WARN_STRICT_PROTOTYPES = YES;
				CLANG_WARN_SUSPICIOUS_MOVE = YES;
				CLANG_WARN_UNGUARDED_AVAILABILITY = YES_AGGRESSIVE;
				CLANG_WARN_UNREACHABLE_CODE = YES;
				CLANG_WARN__DUPLICATE_METHOD_MATCH = YES;
				COPY_PHASE_STRIP = NO;
				DEBUG_INFORMATION_FORMAT = "dwarf-with-dsym";
				ENABLE_NS_ASSERTIONS = NO;
				ENABLE_STRICT_OBJC_MSGSEND = YES;
				GCC_C_LANGUAGE_STANDARD = gnu11;
				GCC_NO_COMMON_BLOCKS = YES;
				GCC_WARN_64_TO_32_BIT_CONVERSION = YES;
				GCC_WARN_ABOUT_RETURN_TYPE = YES_ERROR;
				GCC_WARN_UNDECLARED_SELECTOR = YES;
				GCC_WARN_UNINITIALIZED_AUTOS = YES_AGGRESSIVE;
				GCC_WARN_UNUSED_FUNCTION = YES;
				GCC_WARN_UNUSED_VARIABLE = YES;
				IPHONEOS_DEPLOYMENT_TARGET = 15.0;
				MTL_ENABLE_DEBUG_INFO = NO;
				MTL_FAST_MATH = YES;
				SDKROOT = iphoneos;
				SWIFT_COMPILATION_MODE = wholemodule;
				SWIFT_OPTIMIZATION_LEVEL = "-O";
				VALIDATE_PRODUCT = YES;
			};
			name = Release;
		};
		FB92D6222743960500F5FB26 /* Debug */ = {
			isa = XCBuildConfiguration;
			buildSettings = {
				ASSETCATALOG_COMPILER_APPICON_NAME = AppIcon;
				ASSETCATALOG_COMPILER_GLOBAL_ACCENT_COLOR_NAME = AccentColor;
				CODE_SIGN_STYLE = Automatic;
				CURRENT_PROJECT_VERSION = 1;
				DEVELOPMENT_TEAM = G9C27SR9Z2;
				GENERATE_INFOPLIST_FILE = YES;
				INFOPLIST_FILE = "广告页启动/Info.plist";
				INFOPLIST_KEY_UIApplicationSupportsIndirectInputEvents = YES;
				INFOPLIST_KEY_UILaunchStoryboardName = LaunchScreen;
				INFOPLIST_KEY_UIMainStoryboardFile = Main;
				INFOPLIST_KEY_UISupportedInterfaceOrientations_iPad = "UIInterfaceOrientationPortrait UIInterfaceOrientationPortraitUpsideDown UIInterfaceOrientationLandscapeLeft UIInterfaceOrientationLandscapeRight";
				INFOPLIST_KEY_UISupportedInterfaceOrientations_iPhone = "UIInterfaceOrientationPortrait UIInterfaceOrientationLandscapeLeft UIInterfaceOrientationLandscapeRight";
				IPHONEOS_DEPLOYMENT_TARGET = 10.0;
				LD_RUNPATH_SEARCH_PATHS = (
					"$(inherited)",
					"@executable_path/Frameworks",
				);
				MARKETING_VERSION = 1.0;
				PRODUCT_BUNDLE_IDENTIFIER = "com.yaochufa.-----";
				PRODUCT_NAME = "$(TARGET_NAME)";
				SWIFT_EMIT_LOC_STRINGS = YES;
				SWIFT_VERSION = 5.0;
				TARGETED_DEVICE_FAMILY = "1,2";
			};
			name = Debug;
		};
		FB92D6232743960500F5FB26 /* Release */ = {
			isa = XCBuildConfiguration;
			buildSettings = {
				ASSETCATALOG_COMPILER_APPICON_NAME = AppIcon;
				ASSETCATALOG_COMPILER_GLOBAL_ACCENT_COLOR_NAME = AccentColor;
				CODE_SIGN_STYLE = Automatic;
				CURRENT_PROJECT_VERSION = 1;
				DEVELOPMENT_TEAM = G9C27SR9Z2;
				GENERATE_INFOPLIST_FILE = YES;
				INFOPLIST_FILE = "广告页启动/Info.plist";
				INFOPLIST_KEY_UIApplicationSupportsIndirectInputEvents = YES;
				INFOPLIST_KEY_UILaunchStoryboardName = LaunchScreen;
				INFOPLIST_KEY_UIMainStoryboardFile = Main;
				INFOPLIST_KEY_UISupportedInterfaceOrientations_iPad = "UIInterfaceOrientationPortrait UIInterfaceOrientationPortraitUpsideDown UIInterfaceOrientationLandscapeLeft UIInterfaceOrientationLandscapeRight";
				INFOPLIST_KEY_UISupportedInterfaceOrientations_iPhone = "UIInterfaceOrientationPortrait UIInterfaceOrientationLandscapeLeft UIInterfaceOrientationLandscapeRight";
				IPHONEOS_DEPLOYMENT_TARGET = 10.0;
				LD_RUNPATH_SEARCH_PATHS = (
					"$(inherited)",
					"@executable_path/Frameworks",
				);
				MARKETING_VERSION = 1.0;
				PRODUCT_BUNDLE_IDENTIFIER = "com.yaochufa.-----";
				PRODUCT_NAME = "$(TARGET_NAME)";
				SWIFT_EMIT_LOC_STRINGS = YES;
				SWIFT_VERSION = 5.0;
				TARGETED_DEVICE_FAMILY = "1,2";
			};
			name = Release;
		};
/* End XCBuildConfiguration section */

/* Begin XCConfigurationList section */
		FB92D6082743960200F5FB26 /* Build configuration list for PBXProject "广告页启动" */ = {
			isa = XCConfigurationList;
			buildConfigurations = (
				FB92D61F2743960500F5FB26 /* Debug */,
				FB92D6202743960500F5FB26 /* Release */,
			);
			defaultConfigurationIsVisible = 0;
			defaultConfigurationName = Release;
		};
		FB92D6212743960500F5FB26 /* Build configuration list for PBXNativeTarget "广告页启动" */ = {
			isa = XCConfigurationList;
			buildConfigurations = (
				FB92D6222743960500F5FB26 /* Debug */,
				FB92D6232743960500F5FB26 /* Release */,
			);
			defaultConfigurationIsVisible = 0;
			defaultConfigurationName = Release;
		};
/* End XCConfigurationList section */
	};
	rootObject = FB92D6052743960200F5FB26 /* Project object */;
}
